
Microsoft Visual Studio Solution File, Format Version 12.00
# Visual Studio Version 17
VisualStudioVersion = 17.1.32319.34
MinimumVisualStudioVersion = 10.0.40219.1
Project("{FAE04EC0-301F-11D3-BF4B-00C04F79EFBC}") = "Cryptographic method", "Cryptographic method.csproj", "{264E47BF-1FF7-4744-97A5-35CC4E458E4F}"
EndProject
Global
	GlobalSection(SolutionConfigurationPlatforms) = preSolution
		Debug|Any CPU = Debug|Any CPU
		Release|Any CPU = Release|Any CPU
	EndGlobalSection
	GlobalSection(ProjectConfigurationPlatforms) = postSolution
		{264E47BF-1FF7-4744-97A5-35CC4E458E4F}.Debug|Any CPU.ActiveCfg = Debug|Any CPU
		{264E47BF-1FF7-4744-97A5-35CC4E458E4F}.Debug|Any CPU.Build.0 = Debug|Any CPU
		{264E47BF-1FF7-4744-97A5-35CC4E458E4F}.Release|Any CPU.ActiveCfg = Release|Any CPU
		{264E47BF-1FF7-4744-97A5-35CC4E458E4F}.Release|Any CPU.Build.0 = Release|Any CPU
	EndGlobalSection
	GlobalSection(SolutionProperties) = preSolution
		HideSolutionNode = FALSE
	EndGlobalSection
	GlobalSection(ExtensibilityGlobals) = postSolution
		SolutionGuid = {17E867CF-88D6-48EF-824D-04C921BB606E}
	EndGlobalSection
EndGlobal
